
Microsoft Visual Studio Solution File, Format Version 12.00
# Visual Studio 14
VisualStudioVersion = 14.0.25420.1
MinimumVisualStudioVersion = 10.0.40219.1
Project("{2150E333-8FDC-42A3-9474-1A3956D46DE8}") = "Web", "Web", "{1410E627-32A1-4D28-9FEE-F293427E132C}"
EndProject
Project("{FAE04EC0-301F-11D3-BF4B-00C04F79EFBC}") = "App.Web", "App.Web\App.Web.csproj", "{326A9189-40F1-402A-A74D-1E0699C5000E}"
EndProject
Global
	GlobalSection(SolutionConfigurationPlatforms) = preSolution
		Debug|Any CPU = Debug|Any CPU
		Release|Any CPU = Release|Any CPU
	EndGlobalSection
	GlobalSection(ProjectConfigurationPlatforms) = postSolution
		{326A9189-40F1-402A-A74D-1E0699C5000E}.Debug|Any CPU.ActiveCfg = Debug|Any CPU
		{326A9189-40F1-402A-A74D-1E0699C5000E}.Debug|Any CPU.Build.0 = Debug|Any CPU
		{326A9189-40F1-402A-A74D-1E0699C5000E}.Release|Any CPU.ActiveCfg = Release|Any CPU
		{326A9189-40F1-402A-A74D-1E0699C5000E}.Release|Any CPU.Build.0 = Release|Any CPU
	EndGlobalSection
	GlobalSection(SolutionProperties) = preSolution
		HideSolutionNode = FALSE
	EndGlobalSection
	GlobalSection(NestedProjects) = preSolution
		{326A9189-40F1-402A-A74D-1E0699C5000E} = {1410E627-32A1-4D28-9FEE-F293427E132C}
	EndGlobalSection
EndGlobal
